
Microsoft Visual Studio Solution File, Format Version 12.00
# Visual Studio Version 17
VisualStudioVersion = 17.0.31903.59
MinimumVisualStudioVersion = 10.0.40219.1
Project("{FAE04EC0-301F-11D3-BF4B-00C04F79EFBC}") = "MyJetWallet.SimplePay.Client", "src\MyJetWallet.SimplePay.Client\MyJetWallet.SimplePay.Client.csproj", "{2BD17A05-02E7-4F12-AA31-853991EC2B38}"
EndProject
Project("{FAE04EC0-301F-11D3-BF4B-00C04F79EFBC}") = "TestApp", "src\TestApp\TestApp.csproj", "{4E804164-9FFC-4529-A3DA-49E6993A7778}"
EndProject
Global
	GlobalSection(SolutionConfigurationPlatforms) = preSolution
		Debug|Any CPU = Debug|Any CPU
		Release|Any CPU = Release|Any CPU
	EndGlobalSection
	GlobalSection(SolutionProperties) = preSolution
		HideSolutionNode = FALSE
	EndGlobalSection
	GlobalSection(ProjectConfigurationPlatforms) = postSolution
		{2BD17A05-02E7-4F12-AA31-853991EC2B38}.Debug|Any CPU.ActiveCfg = Debug|Any CPU
		{2BD17A05-02E7-4F12-AA31-853991EC2B38}.Debug|Any CPU.Build.0 = Debug|Any CPU
		{2BD17A05-02E7-4F12-AA31-853991EC2B38}.Release|Any CPU.ActiveCfg = Release|Any CPU
		{2BD17A05-02E7-4F12-AA31-853991EC2B38}.Release|Any CPU.Build.0 = Release|Any CPU
		{4E804164-9FFC-4529-A3DA-49E6993A7778}.Debug|Any CPU.ActiveCfg = Debug|Any CPU
		{4E804164-9FFC-4529-A3DA-49E6993A7778}.Debug|Any CPU.Build.0 = Debug|Any CPU
		{4E804164-9FFC-4529-A3DA-49E6993A7778}.Release|Any CPU.ActiveCfg = Release|Any CPU
		{4E804164-9FFC-4529-A3DA-49E6993A7778}.Release|Any CPU.Build.0 = Release|Any CPU
	EndGlobalSection
EndGlobal
